
Microsoft Visual Studio Solution File, Format Version 12.00
# Visual Studio 15
VisualStudioVersion = 15.0.26730.12
MinimumVisualStudioVersion = 10.0.40219.1
Project("{FAE04EC0-301F-11D3-BF4B-00C04F79EFBC}") = "LuceneIndexer", "LuceneIndexer\LuceneIndexer.csproj", "{BA2349E5-7BE2-4C4D-8901-70EFC172EA4E}"
EndProject
Project("{FAE04EC0-301F-11D3-BF4B-00C04F79EFBC}") = "LuceneFixture", "LuceneFixture\LuceneFixture.csproj", "{890EC845-8CEC-4D89-A4BE-71913C3CC98E}"
EndProject
Global
	GlobalSection(SolutionConfigurationPlatforms) = preSolution
		Debug|Any CPU = Debug|Any CPU
		Release|Any CPU = Release|Any CPU
	EndGlobalSection
	GlobalSection(ProjectConfigurationPlatforms) = postSolution
		{BA2349E5-7BE2-4C4D-8901-70EFC172EA4E}.Debug|Any CPU.ActiveCfg = Debug|Any CPU
		{BA2349E5-7BE2-4C4D-8901-70EFC172EA4E}.Debug|Any CPU.Build.0 = Debug|Any CPU
		{BA2349E5-7BE2-4C4D-8901-70EFC172EA4E}.Release|Any CPU.ActiveCfg = Release|Any CPU
		{BA2349E5-7BE2-4C4D-8901-70EFC172EA4E}.Release|Any CPU.Build.0 = Release|Any CPU
		{890EC845-8CEC-4D89-A4BE-71913C3CC98E}.Debug|Any CPU.ActiveCfg = Debug|Any CPU
		{890EC845-8CEC-4D89-A4BE-71913C3CC98E}.Debug|Any CPU.Build.0 = Debug|Any CPU
		{890EC845-8CEC-4D89-A4BE-71913C3CC98E}.Release|Any CPU.ActiveCfg = Release|Any CPU
		{890EC845-8CEC-4D89-A4BE-71913C3CC98E}.Release|Any CPU.Build.0 = Release|Any CPU
	EndGlobalSection
	GlobalSection(SolutionProperties) = preSolution
		HideSolutionNode = FALSE
	EndGlobalSection
	GlobalSection(ExtensibilityGlobals) = postSolution
		SolutionGuid = {99491C16-A3D5-445E-8C88-58BCB2F39C15}
	EndGlobalSection
EndGlobal
